
Microsoft Visual Studio Solution File, Format Version 12.00
# Visual Studio Version 17
VisualStudioVersion = 17.2.32630.192
MinimumVisualStudioVersion = 10.0.40219.1
Project("{9A19103F-16F7-4668-BE54-9A1E7A4F7556}") = "GiftSertificateService.IntegrationTest", "GiftSertificateService.IntegrationTest.csproj", "{BF153FF0-8221-4389-B238-FF84BBC37D71}"
EndProject
Global
	GlobalSection(SolutionConfigurationPlatforms) = preSolution
		Debug|Any CPU = Debug|Any CPU
		Release|Any CPU = Release|Any CPU
	EndGlobalSection
	GlobalSection(ProjectConfigurationPlatforms) = postSolution
		{BF153FF0-8221-4389-B238-FF84BBC37D71}.Debug|Any CPU.ActiveCfg = Debug|Any CPU
		{BF153FF0-8221-4389-B238-FF84BBC37D71}.Debug|Any CPU.Build.0 = Debug|Any CPU
		{BF153FF0-8221-4389-B238-FF84BBC37D71}.Release|Any CPU.ActiveCfg = Release|Any CPU
		{BF153FF0-8221-4389-B238-FF84BBC37D71}.Release|Any CPU.Build.0 = Release|Any CPU
	EndGlobalSection
	GlobalSection(SolutionProperties) = preSolution
		HideSolutionNode = FALSE
	EndGlobalSection
	GlobalSection(ExtensibilityGlobals) = postSolution
		SolutionGuid = {9F47D37E-AD3D-4827-90AE-41E9BD61DCAF}
	EndGlobalSection
EndGlobal
